
Microsoft Visual Studio Solution File, Format Version 12.00
# Visual Studio Version 16
VisualStudioVersion = 16.0.29519.87
MinimumVisualStudioVersion = 10.0.40219.1
Project("{2150E333-8FDC-42A3-9474-1A3956D46DE8}") = "Core", "Core", "{A1D6ABCB-91D4-4835-B6E8-8A750B1D2279}"
EndProject
Project("{2150E333-8FDC-42A3-9474-1A3956D46DE8}") = "Database", "Database", "{E802F730-02DC-4900-8286-4DEE1409194D}"
EndProject
Project("{2150E333-8FDC-42A3-9474-1A3956D46DE8}") = "Infrastructure", "Infrastructure", "{EE6B9550-2D7A-4634-A3D5-46744F6C1A56}"
EndProject
Project("{2150E333-8FDC-42A3-9474-1A3956D46DE8}") = "Presentation", "Presentation", "{BED65C53-B6B7-4CC2-ADB2-4928D6F302CE}"
EndProject
Project("{2150E333-8FDC-42A3-9474-1A3956D46DE8}") = "Repository", "Repository", "{37583645-82EF-4E07-B072-F098D9E086EB}"
EndProject
Project("{2150E333-8FDC-42A3-9474-1A3956D46DE8}") = "Domain", "Domain", "{AABDE3DD-477F-43D0-8728-18C24B50E94F}"
EndProject
Project("{2150E333-8FDC-42A3-9474-1A3956D46DE8}") = "Service", "Service", "{4510FB5D-7853-4F30-88B6-B4CC137EE93D}"
EndProject
Project("{9A19103F-16F7-4668-BE54-9A1E7A4F7556}") = "CompName.ManageStocks.Domain", "Core\Domain\EmpManage.Domain\CompName.ManageStocks.Domain.csproj", "{854B6C03-21AA-4395-ACE0-EE6B2158B494}"
EndProject
Project("{9A19103F-16F7-4668-BE54-9A1E7A4F7556}") = "CompName.ManageStocks.ServiceConcrete", "Core\Service\EmpManage.ServiceConcrete\CompName.ManageStocks.ServiceConcrete.csproj", "{4D5139DD-B999-49C1-B9BD-C583A061ACA6}"
EndProject
Project("{9A19103F-16F7-4668-BE54-9A1E7A4F7556}") = "CompName.ManageStocks.ServiceInterface", "Core\Service\EmpManage.ServiceInterface\CompName.ManageStocks.ServiceInterface.csproj", "{08B51F8C-6E3E-4EF7-A336-51DA842583B7}"
EndProject
Project("{9A19103F-16F7-4668-BE54-9A1E7A4F7556}") = "CompName.ManageStocks.CrossCutting", "Infrastructure\EmpManage.CrossCutting\CompName.ManageStocks.CrossCutting.csproj", "{5631030D-8A32-4DC7-8295-6FDE46F8C0BB}"
EndProject
Project("{9A19103F-16F7-4668-BE54-9A1E7A4F7556}") = "CompName.ManageStocks.IOC", "Infrastructure\EmpManage.IOC\CompName.ManageStocks.IOC.csproj", "{564FBEA7-E005-43BA-9F36-03C373C697D3}"
EndProject
Project("{9A19103F-16F7-4668-BE54-9A1E7A4F7556}") = "CompName.ManageStocks.WebAppMVC", "Presentation\EmpManage.WebAppMVC\CompName.ManageStocks.WebAppMVC.csproj", "{5006222F-C20B-456D-BCF2-F165E00502E2}"
EndProject
Project("{2150E333-8FDC-42A3-9474-1A3956D46DE8}") = "DBProject", "DBProject", "{DB7B69C3-4146-4739-BD95-FAA9DA01D073}"
EndProject
Project("{00D1A9C2-B5F0-4AF3-8072-F6C62B433612}") = "EmpManage", "Database\DBProject\EmpManage\EmpManage.sqlproj", "{459623B4-39D7-4631-A779-50DC03C7AE58}"
EndProject
Project("{2150E333-8FDC-42A3-9474-1A3956D46DE8}") = "Infrastructure", "Infrastructure", "{C278C4E1-0F3E-4248-B30A-30F97846D00F}"
EndProject
Project("{2150E333-8FDC-42A3-9474-1A3956D46DE8}") = "SQLComparator", "SQLComparator", "{7323F16B-FFED-495C-9579-DDD5D7986313}"
	ProjectSection(SolutionItems) = preProject
		Database\Infrastructure\SQLComparator\LocalToProject.scmp = Database\Infrastructure\SQLComparator\LocalToProject.scmp
	EndProjectSection
EndProject
Project("{2150E333-8FDC-42A3-9474-1A3956D46DE8}") = "DBScripts", "DBScripts", "{1EB6EBCE-D1AB-4BE9-A5C9-922A5CB7CFF5}"
EndProject
Project("{9A19103F-16F7-4668-BE54-9A1E7A4F7556}") = "CompName.ManageStocks.RepositoryInterface", "Repository\CompName.ManageStocks.RepositoryInterface\CompName.ManageStocks.RepositoryInterface.csproj", "{43FDE141-2A96-46AA-AC9B-6B46C406EF3A}"
EndProject
Global
	GlobalSection(SolutionConfigurationPlatforms) = preSolution
		Debug|Any CPU = Debug|Any CPU
		Debug|x64 = Debug|x64
		Debug|x86 = Debug|x86
		Release|Any CPU = Release|Any CPU
		Release|x64 = Release|x64
		Release|x86 = Release|x86
	EndGlobalSection
	GlobalSection(ProjectConfigurationPlatforms) = postSolution
		{854B6C03-21AA-4395-ACE0-EE6B2158B494}.Debug|Any CPU.ActiveCfg = Debug|Any CPU
		{854B6C03-21AA-4395-ACE0-EE6B2158B494}.Debug|Any CPU.Build.0 = Debug|Any CPU
		{854B6C03-21AA-4395-ACE0-EE6B2158B494}.Debug|x64.ActiveCfg = Debug|Any CPU
		{854B6C03-21AA-4395-ACE0-EE6B2158B494}.Debug|x64.Build.0 = Debug|Any CPU
		{854B6C03-21AA-4395-ACE0-EE6B2158B494}.Debug|x86.ActiveCfg = Debug|Any CPU
		{854B6C03-21AA-4395-ACE0-EE6B2158B494}.Debug|x86.Build.0 = Debug|Any CPU
		{854B6C03-21AA-4395-ACE0-EE6B2158B494}.Release|Any CPU.ActiveCfg = Release|Any CPU
		{854B6C03-21AA-4395-ACE0-EE6B2158B494}.Release|Any CPU.Build.0 = Release|Any CPU
		{854B6C03-21AA-4395-ACE0-EE6B2158B494}.Release|x64.ActiveCfg = Release|Any CPU
		{854B6C03-21AA-4395-ACE0-EE6B2158B494}.Release|x64.Build.0 = Release|Any CPU
		{854B6C03-21AA-4395-ACE0-EE6B2158B494}.Release|x86.ActiveCfg = Release|Any CPU
		{854B6C03-21AA-4395-ACE0-EE6B2158B494}.Release|x86.Build.0 = Release|Any CPU
		{4D5139DD-B999-49C1-B9BD-C583A061ACA6}.Debug|Any CPU.ActiveCfg = Debug|Any CPU
		{4D5139DD-B999-49C1-B9BD-C583A061ACA6}.Debug|Any CPU.Build.0 = Debug|Any CPU
		{4D5139DD-B999-49C1-B9BD-C583A061ACA6}.Debug|x64.ActiveCfg = Debug|Any CPU
		{4D5139DD-B999-49C1-B9BD-C583A061ACA6}.Debug|x64.Build.0 = Debug|Any CPU
		{4D5139DD-B999-49C1-B9BD-C583A061ACA6}.Debug|x86.ActiveCfg = Debug|Any CPU
		{4D5139DD-B999-49C1-B9BD-C583A061ACA6}.Debug|x86.Build.0 = Debug|Any CPU
		{4D5139DD-B999-49C1-B9BD-C583A061ACA6}.Release|Any CPU.ActiveCfg = Release|Any CPU
		{4D5139DD-B999-49C1-B9BD-C583A061ACA6}.Release|Any CPU.Build.0 = Release|Any CPU
		{4D5139DD-B999-49C1-B9BD-C583A061ACA6}.Release|x64.ActiveCfg = Release|Any CPU
		{4D5139DD-B999-49C1-B9BD-C583A061ACA6}.Release|x64.Build.0 = Release|Any CPU
		{4D5139DD-B999-49C1-B9BD-C583A061ACA6}.Release|x86.ActiveCfg = Release|Any CPU
		{4D5139DD-B999-49C1-B9BD-C583A061ACA6}.Release|x86.Build.0 = Release|Any CPU
		{08B51F8C-6E3E-4EF7-A336-51DA842583B7}.Debug|Any CPU.ActiveCfg = Debug|Any CPU
		{08B51F8C-6E3E-4EF7-A336-51DA842583B7}.Debug|Any CPU.Build.0 = Debug|Any CPU
		{08B51F8C-6E3E-4EF7-A336-51DA842583B7}.Debug|x64.ActiveCfg = Debug|Any CPU
		{08B51F8C-6E3E-4EF7-A336-51DA842583B7}.Debug|x64.Build.0 = Debug|Any CPU
		{08B51F8C-6E3E-4EF7-A336-51DA842583B7}.Debug|x86.ActiveCfg = Debug|Any CPU
		{08B51F8C-6E3E-4EF7-A336-51DA842583B7}.Debug|x86.Build.0 = Debug|Any CPU
		{08B51F8C-6E3E-4EF7-A336-51DA842583B7}.Release|Any CPU.ActiveCfg = Release|Any CPU
		{08B51F8C-6E3E-4EF7-A336-51DA842583B7}.Release|Any CPU.Build.0 = Release|Any CPU
		{08B51F8C-6E3E-4EF7-A336-51DA842583B7}.Release|x64.ActiveCfg = Release|Any CPU
		{08B51F8C-6E3E-4EF7-A336-51DA842583B7}.Release|x64.Build.0 = Release|Any CPU
		{08B51F8C-6E3E-4EF7-A336-51DA842583B7}.Release|x86.ActiveCfg = Release|Any CPU
		{08B51F8C-6E3E-4EF7-A336-51DA842583B7}.Release|x86.Build.0 = Release|Any CPU
		{5631030D-8A32-4DC7-8295-6FDE46F8C0BB}.Debug|Any CPU.ActiveCfg = Debug|Any CPU
		{5631030D-8A32-4DC7-8295-6FDE46F8C0BB}.Debug|Any CPU.Build.0 = Debug|Any CPU
		{5631030D-8A32-4DC7-8295-6FDE46F8C0BB}.Debug|x64.ActiveCfg = Debug|Any CPU
		{5631030D-8A32-4DC7-8295-6FDE46F8C0BB}.Debug|x64.Build.0 = Debug|Any CPU
		{5631030D-8A32-4DC7-8295-6FDE46F8C0BB}.Debug|x86.ActiveCfg = Debug|Any CPU
		{5631030D-8A32-4DC7-8295-6FDE46F8C0BB}.Debug|x86.Build.0 = Debug|Any CPU
		{5631030D-8A32-4DC7-8295-6FDE46F8C0BB}.Release|Any CPU.ActiveCfg = Release|Any CPU
		{5631030D-8A32-4DC7-8295-6FDE46F8C0BB}.Release|Any CPU.Build.0 = Release|Any CPU
		{5631030D-8A32-4DC7-8295-6FDE46F8C0BB}.Release|x64.ActiveCfg = Release|Any CPU
		{5631030D-8A32-4DC7-8295-6FDE46F8C0BB}.Release|x64.Build.0 = Release|Any CPU
		{5631030D-8A32-4DC7-8295-6FDE46F8C0BB}.Release|x86.ActiveCfg = Release|Any CPU
		{5631030D-8A32-4DC7-8295-6FDE46F8C0BB}.Release|x86.Build.0 = Release|Any CPU
		{564FBEA7-E005-43BA-9F36-03C373C697D3}.Debug|Any CPU.ActiveCfg = Debug|Any CPU
		{564FBEA7-E005-43BA-9F36-03C373C697D3}.Debug|Any CPU.Build.0 = Debug|Any CPU
		{564FBEA7-E005-43BA-9F36-03C373C697D3}.Debug|x64.ActiveCfg = Debug|Any CPU
		{564FBEA7-E005-43BA-9F36-03C373C697D3}.Debug|x64.Build.0 = Debug|Any CPU
		{564FBEA7-E005-43BA-9F36-03C373C697D3}.Debug|x86.ActiveCfg = Debug|Any CPU
		{564FBEA7-E005-43BA-9F36-03C373C697D3}.Debug|x86.Build.0 = Debug|Any CPU
		{564FBEA7-E005-43BA-9F36-03C373C697D3}.Release|Any CPU.ActiveCfg = Release|Any CPU
		{564FBEA7-E005-43BA-9F36-03C373C697D3}.Release|Any CPU.Build.0 = Release|Any CPU
		{564FBEA7-E005-43BA-9F36-03C373C697D3}.Release|x64.ActiveCfg = Release|Any CPU
		{564FBEA7-E005-43BA-9F36-03C373C697D3}.Release|x64.Build.0 = Release|Any CPU
		{564FBEA7-E005-43BA-9F36-03C373C697D3}.Release|x86.ActiveCfg = Release|Any CPU
		{564FBEA7-E005-43BA-9F36-03C373C697D3}.Release|x86.Build.0 = Release|Any CPU
		{5006222F-C20B-456D-BCF2-F165E00502E2}.Debug|Any CPU.ActiveCfg = Debug|Any CPU
		{5006222F-C20B-456D-BCF2-F165E00502E2}.Debug|Any CPU.Build.0 = Debug|Any CPU
		{5006222F-C20B-456D-BCF2-F165E00502E2}.Debug|x64.ActiveCfg = Debug|x64
		{5006222F-C20B-456D-BCF2-F165E00502E2}.Debug|x64.Build.0 = Debug|x64
		{5006222F-C20B-456D-BCF2-F165E00502E2}.Debug|x86.ActiveCfg = Debug|x86
		{5006222F-C20B-456D-BCF2-F165E00502E2}.Debug|x86.Build.0 = Debug|x86
		{5006222F-C20B-456D-BCF2-F165E00502E2}.Release|Any CPU.ActiveCfg = Release|Any CPU
		{5006222F-C20B-456D-BCF2-F165E00502E2}.Release|Any CPU.Build.0 = Release|Any CPU
		{5006222F-C20B-456D-BCF2-F165E00502E2}.Release|x64.ActiveCfg = Release|x64
		{5006222F-C20B-456D-BCF2-F165E00502E2}.Release|x64.Build.0 = Release|x64
		{5006222F-C20B-456D-BCF2-F165E00502E2}.Release|x86.ActiveCfg = Release|x86
		{5006222F-C20B-456D-BCF2-F165E00502E2}.Release|x86.Build.0 = Release|x86
		{459623B4-39D7-4631-A779-50DC03C7AE58}.Debug|Any CPU.ActiveCfg = Debug|Any CPU
		{459623B4-39D7-4631-A779-50DC03C7AE58}.Debug|Any CPU.Build.0 = Debug|Any CPU
		{459623B4-39D7-4631-A779-50DC03C7AE58}.Debug|Any CPU.Deploy.0 = Debug|Any CPU
		{459623B4-39D7-4631-A779-50DC03C7AE58}.Debug|x64.ActiveCfg = Debug|Any CPU
		{459623B4-39D7-4631-A779-50DC03C7AE58}.Debug|x64.Build.0 = Debug|Any CPU
		{459623B4-39D7-4631-A779-50DC03C7AE58}.Debug|x64.Deploy.0 = Debug|Any CPU
		{459623B4-39D7-4631-A779-50DC03C7AE58}.Debug|x86.ActiveCfg = Debug|Any CPU
		{459623B4-39D7-4631-A779-50DC03C7AE58}.Debug|x86.Build.0 = Debug|Any CPU
		{459623B4-39D7-4631-A779-50DC03C7AE58}.Debug|x86.Deploy.0 = Debug|Any CPU
		{459623B4-39D7-4631-A779-50DC03C7AE58}.Release|Any CPU.ActiveCfg = Release|Any CPU
		{459623B4-39D7-4631-A779-50DC03C7AE58}.Release|Any CPU.Build.0 = Release|Any CPU
		{459623B4-39D7-4631-A779-50DC03C7AE58}.Release|Any CPU.Deploy.0 = Release|Any CPU
		{459623B4-39D7-4631-A779-50DC03C7AE58}.Release|x64.ActiveCfg = Release|Any CPU
		{459623B4-39D7-4631-A779-50DC03C7AE58}.Release|x64.Build.0 = Release|Any CPU
		{459623B4-39D7-4631-A779-50DC03C7AE58}.Release|x64.Deploy.0 = Release|Any CPU
		{459623B4-39D7-4631-A779-50DC03C7AE58}.Release|x86.ActiveCfg = Release|Any CPU
		{459623B4-39D7-4631-A779-50DC03C7AE58}.Release|x86.Build.0 = Release|Any CPU
		{459623B4-39D7-4631-A779-50DC03C7AE58}.Release|x86.Deploy.0 = Release|Any CPU
		{43FDE141-2A96-46AA-AC9B-6B46C406EF3A}.Debug|Any CPU.ActiveCfg = Debug|Any CPU
		{43FDE141-2A96-46AA-AC9B-6B46C406EF3A}.Debug|Any CPU.Build.0 = Debug|Any CPU
		{43FDE141-2A96-46AA-AC9B-6B46C406EF3A}.Debug|x64.ActiveCfg = Debug|Any CPU
		{43FDE141-2A96-46AA-AC9B-6B46C406EF3A}.Debug|x64.Build.0 = Debug|Any CPU
		{43FDE141-2A96-46AA-AC9B-6B46C406EF3A}.Debug|x86.ActiveCfg = Debug|Any CPU
		{43FDE141-2A96-46AA-AC9B-6B46C406EF3A}.Debug|x86.Build.0 = Debug|Any CPU
		{43FDE141-2A96-46AA-AC9B-6B46C406EF3A}.Release|Any CPU.ActiveCfg = Release|Any CPU
		{43FDE141-2A96-46AA-AC9B-6B46C406EF3A}.Release|Any CPU.Build.0 = Release|Any CPU
		{43FDE141-2A96-46AA-AC9B-6B46C406EF3A}.Release|x64.ActiveCfg = Release|Any CPU
		{43FDE141-2A96-46AA-AC9B-6B46C406EF3A}.Release|x64.Build.0 = Release|Any CPU
		{43FDE141-2A96-46AA-AC9B-6B46C406EF3A}.Release|x86.ActiveCfg = Release|Any CPU
		{43FDE141-2A96-46AA-AC9B-6B46C406EF3A}.Release|x86.Build.0 = Release|Any CPU
	EndGlobalSection
	GlobalSection(SolutionProperties) = preSolution
		HideSolutionNode = FALSE
	EndGlobalSection
	GlobalSection(NestedProjects) = preSolution
		{AABDE3DD-477F-43D0-8728-18C24B50E94F} = {A1D6ABCB-91D4-4835-B6E8-8A750B1D2279}
		{4510FB5D-7853-4F30-88B6-B4CC137EE93D} = {A1D6ABCB-91D4-4835-B6E8-8A750B1D2279}
		{854B6C03-21AA-4395-ACE0-EE6B2158B494} = {AABDE3DD-477F-43D0-8728-18C24B50E94F}
		{4D5139DD-B999-49C1-B9BD-C583A061ACA6} = {4510FB5D-7853-4F30-88B6-B4CC137EE93D}
		{08B51F8C-6E3E-4EF7-A336-51DA842583B7} = {4510FB5D-7853-4F30-88B6-B4CC137EE93D}
		{5631030D-8A32-4DC7-8295-6FDE46F8C0BB} = {EE6B9550-2D7A-4634-A3D5-46744F6C1A56}
		{564FBEA7-E005-43BA-9F36-03C373C697D3} = {EE6B9550-2D7A-4634-A3D5-46744F6C1A56}
		{5006222F-C20B-456D-BCF2-F165E00502E2} = {BED65C53-B6B7-4CC2-ADB2-4928D6F302CE}
		{DB7B69C3-4146-4739-BD95-FAA9DA01D073} = {E802F730-02DC-4900-8286-4DEE1409194D}
		{459623B4-39D7-4631-A779-50DC03C7AE58} = {DB7B69C3-4146-4739-BD95-FAA9DA01D073}
		{C278C4E1-0F3E-4248-B30A-30F97846D00F} = {E802F730-02DC-4900-8286-4DEE1409194D}
		{7323F16B-FFED-495C-9579-DDD5D7986313} = {C278C4E1-0F3E-4248-B30A-30F97846D00F}
		{1EB6EBCE-D1AB-4BE9-A5C9-922A5CB7CFF5} = {E802F730-02DC-4900-8286-4DEE1409194D}
		{43FDE141-2A96-46AA-AC9B-6B46C406EF3A} = {37583645-82EF-4E07-B072-F098D9E086EB}
	EndGlobalSection
	GlobalSection(ExtensibilityGlobals) = postSolution
		SolutionGuid = {B0D28A09-E559-471A-A864-41B4C9E4BA2E}
	EndGlobalSection
EndGlobal
