
Microsoft Visual Studio Solution File, Format Version 12.00
# Visual Studio Version 16
VisualStudioVersion = 16.0.29519.87
MinimumVisualStudioVersion = 10.0.40219.1
Project("{2150E333-8FDC-42A3-9474-1A3956D46DE8}") = "Core", "Core", "{A1D6ABCB-91D4-4835-B6E8-8A750B1D2279}"
EndProject
Project("{2150E333-8FDC-42A3-9474-1A3956D46DE8}") = "Database", "Database", "{E802F730-02DC-4900-8286-4DEE1409194D}"
EndProject
Project("{2150E333-8FDC-42A3-9474-1A3956D46DE8}") = "Infrastructure", "Infrastructure", "{EE6B9550-2D7A-4634-A3D5-46744F6C1A56}"
EndProject
Project("{2150E333-8FDC-42A3-9474-1A3956D46DE8}") = "Presentation", "Presentation", "{BED65C53-B6B7-4CC2-ADB2-4928D6F302CE}"
EndProject
Project("{2150E333-8FDC-42A3-9474-1A3956D46DE8}") = "Repository", "Repository", "{37583645-82EF-4E07-B072-F098D9E086EB}"
EndProject
Project("{2150E333-8FDC-42A3-9474-1A3956D46DE8}") = "Domain", "Domain", "{AABDE3DD-477F-43D0-8728-18C24B50E94F}"
EndProject
Project("{2150E333-8FDC-42A3-9474-1A3956D46DE8}") = "Service", "Service", "{4510FB5D-7853-4F30-88B6-B4CC137EE93D}"
EndProject
Project("{2150E333-8FDC-42A3-9474-1A3956D46DE8}") = "DBProject", "DBProject", "{DB7B69C3-4146-4739-BD95-FAA9DA01D073}"
EndProject
Project("{2150E333-8FDC-42A3-9474-1A3956D46DE8}") = "Infrastructure", "Infrastructure", "{C278C4E1-0F3E-4248-B30A-30F97846D00F}"
EndProject
Project("{2150E333-8FDC-42A3-9474-1A3956D46DE8}") = "SQLComparator", "SQLComparator", "{7323F16B-FFED-495C-9579-DDD5D7986313}"
	ProjectSection(SolutionItems) = preProject
		Database\Infrastructure\SQLComparator\LocalToProject.scmp = Database\Infrastructure\SQLComparator\LocalToProject.scmp
	EndProjectSection
EndProject
Project("{2150E333-8FDC-42A3-9474-1A3956D46DE8}") = "DBScripts", "DBScripts", "{1EB6EBCE-D1AB-4BE9-A5C9-922A5CB7CFF5}"
	ProjectSection(SolutionItems) = preProject
		Database\DBScripts\script14_02_2020.sql = Database\DBScripts\script14_02_2020.sql
		Database\DBScripts\script16_02_2020.sql = Database\DBScripts\script16_02_2020.sql
	EndProjectSection
EndProject
Project("{9A19103F-16F7-4668-BE54-9A1E7A4F7556}") = "CompName.ManageStocks.RepositoryInterface", "Repository\CompName.ManageStocks.RepositoryInterface\CompName.ManageStocks.RepositoryInterface.csproj", "{43FDE141-2A96-46AA-AC9B-6B46C406EF3A}"
EndProject
Project("{9A19103F-16F7-4668-BE54-9A1E7A4F7556}") = "CompName.ManageStocks.Domain", "Core\Domain\CompName.ManageStocks.Domain\CompName.ManageStocks.Domain.csproj", "{82E1050C-73D4-4D65-9B6E-624EB06840A1}"
EndProject
Project("{9A19103F-16F7-4668-BE54-9A1E7A4F7556}") = "CompName.ManageStocks.ServiceConcrete", "Core\Service\CompName.ManageStocks.ServiceConcrete\CompName.ManageStocks.ServiceConcrete.csproj", "{C008E1F2-164F-47F6-92C3-9CE539176E40}"
EndProject
Project("{9A19103F-16F7-4668-BE54-9A1E7A4F7556}") = "CompName.ManageStocks.ServiceInterface", "Core\Service\CompName.ManageStocks.ServiceInterface\CompName.ManageStocks.ServiceInterface.csproj", "{03CC8426-EBCA-47A5-91DF-37E402D91164}"
EndProject
Project("{9A19103F-16F7-4668-BE54-9A1E7A4F7556}") = "CompName.ManageStocks.CrossCutting", "Infrastructure\CompName.ManageStocks.CrossCutting\CompName.ManageStocks.CrossCutting.csproj", "{80ED3330-5AC4-44DC-ACA5-61655AA1D710}"
EndProject
Project("{9A19103F-16F7-4668-BE54-9A1E7A4F7556}") = "CompName.ManageStocks.IOC", "Infrastructure\CompName.ManageStocks.IOC\CompName.ManageStocks.IOC.csproj", "{CCA29E5F-B3C6-4FA9-A6F9-8F46D662E321}"
EndProject
Project("{9A19103F-16F7-4668-BE54-9A1E7A4F7556}") = "CompName.ManageStocks.WebAppMVC", "Presentation\CompName.ManageStocks.WebAppMVC\CompName.ManageStocks.WebAppMVC.csproj", "{59A3FE20-EADC-494F-9154-6EB037CE8D88}"
EndProject
Project("{00D1A9C2-B5F0-4AF3-8072-F6C62B433612}") = "ManageStocks", "Database\DBProject\ManageStocks\ManageStocks.sqlproj", "{7D2B3D03-BB9F-4349-B687-4129BB95864B}"
EndProject
Project("{2150E333-8FDC-42A3-9474-1A3956D46DE8}") = "Test", "Test", "{C4A89D80-33F8-4DF7-8B4B-C70C63413267}"
EndProject
Project("{9A19103F-16F7-4668-BE54-9A1E7A4F7556}") = "IOC.Test", "Test\IOC.Test\IOC.Test.csproj", "{89555CE0-DC28-4E0E-B395-3C2FAA0B6DE9}"
EndProject
Project("{9A19103F-16F7-4668-BE54-9A1E7A4F7556}") = "Repository.Test", "Test\Repository.Test\Repository.Test.csproj", "{38799FE5-9EFE-4AF3-B4CD-A03FFBBA3AFE}"
EndProject
Project("{9A19103F-16F7-4668-BE54-9A1E7A4F7556}") = "Service.Test", "Test\Service.Test\Service.Test.csproj", "{88810A7E-D254-45F9-9CA0-5416EC9D3CC2}"
EndProject
Project("{9A19103F-16F7-4668-BE54-9A1E7A4F7556}") = "WebAppMVC.Test", "Test\WebAppMVC.Test\WebAppMVC.Test.csproj", "{45FC537B-7BF7-41F3-885B-2108964E7F95}"
EndProject
Project("{FAE04EC0-301F-11D3-BF4B-00C04F79EFBC}") = "CrossCutting.Test", "Test\CrossCutting.Test\CrossCutting.Test.csproj", "{1702DE72-EA09-45BB-A452-2056CF38DEDF}"
EndProject
Global
	GlobalSection(SolutionConfigurationPlatforms) = preSolution
		Debug|Any CPU = Debug|Any CPU
		Debug|x64 = Debug|x64
		Debug|x86 = Debug|x86
		Release|Any CPU = Release|Any CPU
		Release|x64 = Release|x64
		Release|x86 = Release|x86
	EndGlobalSection
	GlobalSection(ProjectConfigurationPlatforms) = postSolution
		{43FDE141-2A96-46AA-AC9B-6B46C406EF3A}.Debug|Any CPU.ActiveCfg = Debug|Any CPU
		{43FDE141-2A96-46AA-AC9B-6B46C406EF3A}.Debug|Any CPU.Build.0 = Debug|Any CPU
		{43FDE141-2A96-46AA-AC9B-6B46C406EF3A}.Debug|x64.ActiveCfg = Debug|Any CPU
		{43FDE141-2A96-46AA-AC9B-6B46C406EF3A}.Debug|x64.Build.0 = Debug|Any CPU
		{43FDE141-2A96-46AA-AC9B-6B46C406EF3A}.Debug|x86.ActiveCfg = Debug|Any CPU
		{43FDE141-2A96-46AA-AC9B-6B46C406EF3A}.Debug|x86.Build.0 = Debug|Any CPU
		{43FDE141-2A96-46AA-AC9B-6B46C406EF3A}.Release|Any CPU.ActiveCfg = Release|Any CPU
		{43FDE141-2A96-46AA-AC9B-6B46C406EF3A}.Release|Any CPU.Build.0 = Release|Any CPU
		{43FDE141-2A96-46AA-AC9B-6B46C406EF3A}.Release|x64.ActiveCfg = Release|Any CPU
		{43FDE141-2A96-46AA-AC9B-6B46C406EF3A}.Release|x64.Build.0 = Release|Any CPU
		{43FDE141-2A96-46AA-AC9B-6B46C406EF3A}.Release|x86.ActiveCfg = Release|Any CPU
		{43FDE141-2A96-46AA-AC9B-6B46C406EF3A}.Release|x86.Build.0 = Release|Any CPU
		{82E1050C-73D4-4D65-9B6E-624EB06840A1}.Debug|Any CPU.ActiveCfg = Debug|Any CPU
		{82E1050C-73D4-4D65-9B6E-624EB06840A1}.Debug|Any CPU.Build.0 = Debug|Any CPU
		{82E1050C-73D4-4D65-9B6E-624EB06840A1}.Debug|x64.ActiveCfg = Debug|Any CPU
		{82E1050C-73D4-4D65-9B6E-624EB06840A1}.Debug|x64.Build.0 = Debug|Any CPU
		{82E1050C-73D4-4D65-9B6E-624EB06840A1}.Debug|x86.ActiveCfg = Debug|Any CPU
		{82E1050C-73D4-4D65-9B6E-624EB06840A1}.Debug|x86.Build.0 = Debug|Any CPU
		{82E1050C-73D4-4D65-9B6E-624EB06840A1}.Release|Any CPU.ActiveCfg = Release|Any CPU
		{82E1050C-73D4-4D65-9B6E-624EB06840A1}.Release|Any CPU.Build.0 = Release|Any CPU
		{82E1050C-73D4-4D65-9B6E-624EB06840A1}.Release|x64.ActiveCfg = Release|Any CPU
		{82E1050C-73D4-4D65-9B6E-624EB06840A1}.Release|x64.Build.0 = Release|Any CPU
		{82E1050C-73D4-4D65-9B6E-624EB06840A1}.Release|x86.ActiveCfg = Release|Any CPU
		{82E1050C-73D4-4D65-9B6E-624EB06840A1}.Release|x86.Build.0 = Release|Any CPU
		{C008E1F2-164F-47F6-92C3-9CE539176E40}.Debug|Any CPU.ActiveCfg = Debug|Any CPU
		{C008E1F2-164F-47F6-92C3-9CE539176E40}.Debug|Any CPU.Build.0 = Debug|Any CPU
		{C008E1F2-164F-47F6-92C3-9CE539176E40}.Debug|x64.ActiveCfg = Debug|Any CPU
		{C008E1F2-164F-47F6-92C3-9CE539176E40}.Debug|x64.Build.0 = Debug|Any CPU
		{C008E1F2-164F-47F6-92C3-9CE539176E40}.Debug|x86.ActiveCfg = Debug|Any CPU
		{C008E1F2-164F-47F6-92C3-9CE539176E40}.Debug|x86.Build.0 = Debug|Any CPU
		{C008E1F2-164F-47F6-92C3-9CE539176E40}.Release|Any CPU.ActiveCfg = Release|Any CPU
		{C008E1F2-164F-47F6-92C3-9CE539176E40}.Release|Any CPU.Build.0 = Release|Any CPU
		{C008E1F2-164F-47F6-92C3-9CE539176E40}.Release|x64.ActiveCfg = Release|Any CPU
		{C008E1F2-164F-47F6-92C3-9CE539176E40}.Release|x64.Build.0 = Release|Any CPU
		{C008E1F2-164F-47F6-92C3-9CE539176E40}.Release|x86.ActiveCfg = Release|Any CPU
		{C008E1F2-164F-47F6-92C3-9CE539176E40}.Release|x86.Build.0 = Release|Any CPU
		{03CC8426-EBCA-47A5-91DF-37E402D91164}.Debug|Any CPU.ActiveCfg = Debug|Any CPU
		{03CC8426-EBCA-47A5-91DF-37E402D91164}.Debug|Any CPU.Build.0 = Debug|Any CPU
		{03CC8426-EBCA-47A5-91DF-37E402D91164}.Debug|x64.ActiveCfg = Debug|Any CPU
		{03CC8426-EBCA-47A5-91DF-37E402D91164}.Debug|x64.Build.0 = Debug|Any CPU
		{03CC8426-EBCA-47A5-91DF-37E402D91164}.Debug|x86.ActiveCfg = Debug|Any CPU
		{03CC8426-EBCA-47A5-91DF-37E402D91164}.Debug|x86.Build.0 = Debug|Any CPU
		{03CC8426-EBCA-47A5-91DF-37E402D91164}.Release|Any CPU.ActiveCfg = Release|Any CPU
		{03CC8426-EBCA-47A5-91DF-37E402D91164}.Release|Any CPU.Build.0 = Release|Any CPU
		{03CC8426-EBCA-47A5-91DF-37E402D91164}.Release|x64.ActiveCfg = Release|Any CPU
		{03CC8426-EBCA-47A5-91DF-37E402D91164}.Release|x64.Build.0 = Release|Any CPU
		{03CC8426-EBCA-47A5-91DF-37E402D91164}.Release|x86.ActiveCfg = Release|Any CPU
		{03CC8426-EBCA-47A5-91DF-37E402D91164}.Release|x86.Build.0 = Release|Any CPU
		{80ED3330-5AC4-44DC-ACA5-61655AA1D710}.Debug|Any CPU.ActiveCfg = Debug|Any CPU
		{80ED3330-5AC4-44DC-ACA5-61655AA1D710}.Debug|Any CPU.Build.0 = Debug|Any CPU
		{80ED3330-5AC4-44DC-ACA5-61655AA1D710}.Debug|x64.ActiveCfg = Debug|Any CPU
		{80ED3330-5AC4-44DC-ACA5-61655AA1D710}.Debug|x64.Build.0 = Debug|Any CPU
		{80ED3330-5AC4-44DC-ACA5-61655AA1D710}.Debug|x86.ActiveCfg = Debug|Any CPU
		{80ED3330-5AC4-44DC-ACA5-61655AA1D710}.Debug|x86.Build.0 = Debug|Any CPU
		{80ED3330-5AC4-44DC-ACA5-61655AA1D710}.Release|Any CPU.ActiveCfg = Release|Any CPU
		{80ED3330-5AC4-44DC-ACA5-61655AA1D710}.Release|Any CPU.Build.0 = Release|Any CPU
		{80ED3330-5AC4-44DC-ACA5-61655AA1D710}.Release|x64.ActiveCfg = Release|Any CPU
		{80ED3330-5AC4-44DC-ACA5-61655AA1D710}.Release|x64.Build.0 = Release|Any CPU
		{80ED3330-5AC4-44DC-ACA5-61655AA1D710}.Release|x86.ActiveCfg = Release|Any CPU
		{80ED3330-5AC4-44DC-ACA5-61655AA1D710}.Release|x86.Build.0 = Release|Any CPU
		{CCA29E5F-B3C6-4FA9-A6F9-8F46D662E321}.Debug|Any CPU.ActiveCfg = Debug|Any CPU
		{CCA29E5F-B3C6-4FA9-A6F9-8F46D662E321}.Debug|Any CPU.Build.0 = Debug|Any CPU
		{CCA29E5F-B3C6-4FA9-A6F9-8F46D662E321}.Debug|x64.ActiveCfg = Debug|Any CPU
		{CCA29E5F-B3C6-4FA9-A6F9-8F46D662E321}.Debug|x64.Build.0 = Debug|Any CPU
		{CCA29E5F-B3C6-4FA9-A6F9-8F46D662E321}.Debug|x86.ActiveCfg = Debug|Any CPU
		{CCA29E5F-B3C6-4FA9-A6F9-8F46D662E321}.Debug|x86.Build.0 = Debug|Any CPU
		{CCA29E5F-B3C6-4FA9-A6F9-8F46D662E321}.Release|Any CPU.ActiveCfg = Release|Any CPU
		{CCA29E5F-B3C6-4FA9-A6F9-8F46D662E321}.Release|Any CPU.Build.0 = Release|Any CPU
		{CCA29E5F-B3C6-4FA9-A6F9-8F46D662E321}.Release|x64.ActiveCfg = Release|Any CPU
		{CCA29E5F-B3C6-4FA9-A6F9-8F46D662E321}.Release|x64.Build.0 = Release|Any CPU
		{CCA29E5F-B3C6-4FA9-A6F9-8F46D662E321}.Release|x86.ActiveCfg = Release|Any CPU
		{CCA29E5F-B3C6-4FA9-A6F9-8F46D662E321}.Release|x86.Build.0 = Release|Any CPU
		{59A3FE20-EADC-494F-9154-6EB037CE8D88}.Debug|Any CPU.ActiveCfg = Debug|Any CPU
		{59A3FE20-EADC-494F-9154-6EB037CE8D88}.Debug|Any CPU.Build.0 = Debug|Any CPU
		{59A3FE20-EADC-494F-9154-6EB037CE8D88}.Debug|x64.ActiveCfg = Debug|x64
		{59A3FE20-EADC-494F-9154-6EB037CE8D88}.Debug|x64.Build.0 = Debug|x64
		{59A3FE20-EADC-494F-9154-6EB037CE8D88}.Debug|x86.ActiveCfg = Debug|x86
		{59A3FE20-EADC-494F-9154-6EB037CE8D88}.Debug|x86.Build.0 = Debug|x86
		{59A3FE20-EADC-494F-9154-6EB037CE8D88}.Release|Any CPU.ActiveCfg = Release|Any CPU
		{59A3FE20-EADC-494F-9154-6EB037CE8D88}.Release|Any CPU.Build.0 = Release|Any CPU
		{59A3FE20-EADC-494F-9154-6EB037CE8D88}.Release|x64.ActiveCfg = Release|x64
		{59A3FE20-EADC-494F-9154-6EB037CE8D88}.Release|x64.Build.0 = Release|x64
		{59A3FE20-EADC-494F-9154-6EB037CE8D88}.Release|x86.ActiveCfg = Release|x86
		{59A3FE20-EADC-494F-9154-6EB037CE8D88}.Release|x86.Build.0 = Release|x86
		{7D2B3D03-BB9F-4349-B687-4129BB95864B}.Debug|Any CPU.ActiveCfg = Debug|Any CPU
		{7D2B3D03-BB9F-4349-B687-4129BB95864B}.Debug|Any CPU.Build.0 = Debug|Any CPU
		{7D2B3D03-BB9F-4349-B687-4129BB95864B}.Debug|Any CPU.Deploy.0 = Debug|Any CPU
		{7D2B3D03-BB9F-4349-B687-4129BB95864B}.Debug|x64.ActiveCfg = Debug|Any CPU
		{7D2B3D03-BB9F-4349-B687-4129BB95864B}.Debug|x64.Build.0 = Debug|Any CPU
		{7D2B3D03-BB9F-4349-B687-4129BB95864B}.Debug|x64.Deploy.0 = Debug|Any CPU
		{7D2B3D03-BB9F-4349-B687-4129BB95864B}.Debug|x86.ActiveCfg = Debug|Any CPU
		{7D2B3D03-BB9F-4349-B687-4129BB95864B}.Debug|x86.Build.0 = Debug|Any CPU
		{7D2B3D03-BB9F-4349-B687-4129BB95864B}.Debug|x86.Deploy.0 = Debug|Any CPU
		{7D2B3D03-BB9F-4349-B687-4129BB95864B}.Release|Any CPU.ActiveCfg = Release|Any CPU
		{7D2B3D03-BB9F-4349-B687-4129BB95864B}.Release|Any CPU.Build.0 = Release|Any CPU
		{7D2B3D03-BB9F-4349-B687-4129BB95864B}.Release|Any CPU.Deploy.0 = Release|Any CPU
		{7D2B3D03-BB9F-4349-B687-4129BB95864B}.Release|x64.ActiveCfg = Release|Any CPU
		{7D2B3D03-BB9F-4349-B687-4129BB95864B}.Release|x64.Build.0 = Release|Any CPU
		{7D2B3D03-BB9F-4349-B687-4129BB95864B}.Release|x64.Deploy.0 = Release|Any CPU
		{7D2B3D03-BB9F-4349-B687-4129BB95864B}.Release|x86.ActiveCfg = Release|Any CPU
		{7D2B3D03-BB9F-4349-B687-4129BB95864B}.Release|x86.Build.0 = Release|Any CPU
		{7D2B3D03-BB9F-4349-B687-4129BB95864B}.Release|x86.Deploy.0 = Release|Any CPU
		{89555CE0-DC28-4E0E-B395-3C2FAA0B6DE9}.Debug|Any CPU.ActiveCfg = Debug|Any CPU
		{89555CE0-DC28-4E0E-B395-3C2FAA0B6DE9}.Debug|Any CPU.Build.0 = Debug|Any CPU
		{89555CE0-DC28-4E0E-B395-3C2FAA0B6DE9}.Debug|x64.ActiveCfg = Debug|Any CPU
		{89555CE0-DC28-4E0E-B395-3C2FAA0B6DE9}.Debug|x64.Build.0 = Debug|Any CPU
		{89555CE0-DC28-4E0E-B395-3C2FAA0B6DE9}.Debug|x86.ActiveCfg = Debug|Any CPU
		{89555CE0-DC28-4E0E-B395-3C2FAA0B6DE9}.Debug|x86.Build.0 = Debug|Any CPU
		{89555CE0-DC28-4E0E-B395-3C2FAA0B6DE9}.Release|Any CPU.ActiveCfg = Release|Any CPU
		{89555CE0-DC28-4E0E-B395-3C2FAA0B6DE9}.Release|Any CPU.Build.0 = Release|Any CPU
		{89555CE0-DC28-4E0E-B395-3C2FAA0B6DE9}.Release|x64.ActiveCfg = Release|Any CPU
		{89555CE0-DC28-4E0E-B395-3C2FAA0B6DE9}.Release|x64.Build.0 = Release|Any CPU
		{89555CE0-DC28-4E0E-B395-3C2FAA0B6DE9}.Release|x86.ActiveCfg = Release|Any CPU
		{89555CE0-DC28-4E0E-B395-3C2FAA0B6DE9}.Release|x86.Build.0 = Release|Any CPU
		{38799FE5-9EFE-4AF3-B4CD-A03FFBBA3AFE}.Debug|Any CPU.ActiveCfg = Debug|Any CPU
		{38799FE5-9EFE-4AF3-B4CD-A03FFBBA3AFE}.Debug|Any CPU.Build.0 = Debug|Any CPU
		{38799FE5-9EFE-4AF3-B4CD-A03FFBBA3AFE}.Debug|x64.ActiveCfg = Debug|Any CPU
		{38799FE5-9EFE-4AF3-B4CD-A03FFBBA3AFE}.Debug|x64.Build.0 = Debug|Any CPU
		{38799FE5-9EFE-4AF3-B4CD-A03FFBBA3AFE}.Debug|x86.ActiveCfg = Debug|Any CPU
		{38799FE5-9EFE-4AF3-B4CD-A03FFBBA3AFE}.Debug|x86.Build.0 = Debug|Any CPU
		{38799FE5-9EFE-4AF3-B4CD-A03FFBBA3AFE}.Release|Any CPU.ActiveCfg = Release|Any CPU
		{38799FE5-9EFE-4AF3-B4CD-A03FFBBA3AFE}.Release|Any CPU.Build.0 = Release|Any CPU
		{38799FE5-9EFE-4AF3-B4CD-A03FFBBA3AFE}.Release|x64.ActiveCfg = Release|Any CPU
		{38799FE5-9EFE-4AF3-B4CD-A03FFBBA3AFE}.Release|x64.Build.0 = Release|Any CPU
		{38799FE5-9EFE-4AF3-B4CD-A03FFBBA3AFE}.Release|x86.ActiveCfg = Release|Any CPU
		{38799FE5-9EFE-4AF3-B4CD-A03FFBBA3AFE}.Release|x86.Build.0 = Release|Any CPU
		{88810A7E-D254-45F9-9CA0-5416EC9D3CC2}.Debug|Any CPU.ActiveCfg = Debug|Any CPU
		{88810A7E-D254-45F9-9CA0-5416EC9D3CC2}.Debug|Any CPU.Build.0 = Debug|Any CPU
		{88810A7E-D254-45F9-9CA0-5416EC9D3CC2}.Debug|x64.ActiveCfg = Debug|Any CPU
		{88810A7E-D254-45F9-9CA0-5416EC9D3CC2}.Debug|x64.Build.0 = Debug|Any CPU
		{88810A7E-D254-45F9-9CA0-5416EC9D3CC2}.Debug|x86.ActiveCfg = Debug|Any CPU
		{88810A7E-D254-45F9-9CA0-5416EC9D3CC2}.Debug|x86.Build.0 = Debug|Any CPU
		{88810A7E-D254-45F9-9CA0-5416EC9D3CC2}.Release|Any CPU.ActiveCfg = Release|Any CPU
		{88810A7E-D254-45F9-9CA0-5416EC9D3CC2}.Release|Any CPU.Build.0 = Release|Any CPU
		{88810A7E-D254-45F9-9CA0-5416EC9D3CC2}.Release|x64.ActiveCfg = Release|Any CPU
		{88810A7E-D254-45F9-9CA0-5416EC9D3CC2}.Release|x64.Build.0 = Release|Any CPU
		{88810A7E-D254-45F9-9CA0-5416EC9D3CC2}.Release|x86.ActiveCfg = Release|Any CPU
		{88810A7E-D254-45F9-9CA0-5416EC9D3CC2}.Release|x86.Build.0 = Release|Any CPU
		{45FC537B-7BF7-41F3-885B-2108964E7F95}.Debug|Any CPU.ActiveCfg = Debug|Any CPU
		{45FC537B-7BF7-41F3-885B-2108964E7F95}.Debug|Any CPU.Build.0 = Debug|Any CPU
		{45FC537B-7BF7-41F3-885B-2108964E7F95}.Debug|x64.ActiveCfg = Debug|Any CPU
		{45FC537B-7BF7-41F3-885B-2108964E7F95}.Debug|x64.Build.0 = Debug|Any CPU
		{45FC537B-7BF7-41F3-885B-2108964E7F95}.Debug|x86.ActiveCfg = Debug|Any CPU
		{45FC537B-7BF7-41F3-885B-2108964E7F95}.Debug|x86.Build.0 = Debug|Any CPU
		{45FC537B-7BF7-41F3-885B-2108964E7F95}.Release|Any CPU.ActiveCfg = Release|Any CPU
		{45FC537B-7BF7-41F3-885B-2108964E7F95}.Release|Any CPU.Build.0 = Release|Any CPU
		{45FC537B-7BF7-41F3-885B-2108964E7F95}.Release|x64.ActiveCfg = Release|Any CPU
		{45FC537B-7BF7-41F3-885B-2108964E7F95}.Release|x64.Build.0 = Release|Any CPU
		{45FC537B-7BF7-41F3-885B-2108964E7F95}.Release|x86.ActiveCfg = Release|Any CPU
		{45FC537B-7BF7-41F3-885B-2108964E7F95}.Release|x86.Build.0 = Release|Any CPU
		{1702DE72-EA09-45BB-A452-2056CF38DEDF}.Debug|Any CPU.ActiveCfg = Debug|Any CPU
		{1702DE72-EA09-45BB-A452-2056CF38DEDF}.Debug|Any CPU.Build.0 = Debug|Any CPU
		{1702DE72-EA09-45BB-A452-2056CF38DEDF}.Debug|x64.ActiveCfg = Debug|Any CPU
		{1702DE72-EA09-45BB-A452-2056CF38DEDF}.Debug|x64.Build.0 = Debug|Any CPU
		{1702DE72-EA09-45BB-A452-2056CF38DEDF}.Debug|x86.ActiveCfg = Debug|Any CPU
		{1702DE72-EA09-45BB-A452-2056CF38DEDF}.Debug|x86.Build.0 = Debug|Any CPU
		{1702DE72-EA09-45BB-A452-2056CF38DEDF}.Release|Any CPU.ActiveCfg = Release|Any CPU
		{1702DE72-EA09-45BB-A452-2056CF38DEDF}.Release|Any CPU.Build.0 = Release|Any CPU
		{1702DE72-EA09-45BB-A452-2056CF38DEDF}.Release|x64.ActiveCfg = Release|Any CPU
		{1702DE72-EA09-45BB-A452-2056CF38DEDF}.Release|x64.Build.0 = Release|Any CPU
		{1702DE72-EA09-45BB-A452-2056CF38DEDF}.Release|x86.ActiveCfg = Release|Any CPU
		{1702DE72-EA09-45BB-A452-2056CF38DEDF}.Release|x86.Build.0 = Release|Any CPU
	EndGlobalSection
	GlobalSection(SolutionProperties) = preSolution
		HideSolutionNode = FALSE
	EndGlobalSection
	GlobalSection(NestedProjects) = preSolution
		{AABDE3DD-477F-43D0-8728-18C24B50E94F} = {A1D6ABCB-91D4-4835-B6E8-8A750B1D2279}
		{4510FB5D-7853-4F30-88B6-B4CC137EE93D} = {A1D6ABCB-91D4-4835-B6E8-8A750B1D2279}
		{DB7B69C3-4146-4739-BD95-FAA9DA01D073} = {E802F730-02DC-4900-8286-4DEE1409194D}
		{C278C4E1-0F3E-4248-B30A-30F97846D00F} = {E802F730-02DC-4900-8286-4DEE1409194D}
		{7323F16B-FFED-495C-9579-DDD5D7986313} = {C278C4E1-0F3E-4248-B30A-30F97846D00F}
		{1EB6EBCE-D1AB-4BE9-A5C9-922A5CB7CFF5} = {E802F730-02DC-4900-8286-4DEE1409194D}
		{43FDE141-2A96-46AA-AC9B-6B46C406EF3A} = {37583645-82EF-4E07-B072-F098D9E086EB}
		{82E1050C-73D4-4D65-9B6E-624EB06840A1} = {AABDE3DD-477F-43D0-8728-18C24B50E94F}
		{C008E1F2-164F-47F6-92C3-9CE539176E40} = {4510FB5D-7853-4F30-88B6-B4CC137EE93D}
		{03CC8426-EBCA-47A5-91DF-37E402D91164} = {4510FB5D-7853-4F30-88B6-B4CC137EE93D}
		{80ED3330-5AC4-44DC-ACA5-61655AA1D710} = {EE6B9550-2D7A-4634-A3D5-46744F6C1A56}
		{CCA29E5F-B3C6-4FA9-A6F9-8F46D662E321} = {EE6B9550-2D7A-4634-A3D5-46744F6C1A56}
		{59A3FE20-EADC-494F-9154-6EB037CE8D88} = {BED65C53-B6B7-4CC2-ADB2-4928D6F302CE}
		{7D2B3D03-BB9F-4349-B687-4129BB95864B} = {DB7B69C3-4146-4739-BD95-FAA9DA01D073}
		{89555CE0-DC28-4E0E-B395-3C2FAA0B6DE9} = {C4A89D80-33F8-4DF7-8B4B-C70C63413267}
		{38799FE5-9EFE-4AF3-B4CD-A03FFBBA3AFE} = {C4A89D80-33F8-4DF7-8B4B-C70C63413267}
		{88810A7E-D254-45F9-9CA0-5416EC9D3CC2} = {C4A89D80-33F8-4DF7-8B4B-C70C63413267}
		{45FC537B-7BF7-41F3-885B-2108964E7F95} = {C4A89D80-33F8-4DF7-8B4B-C70C63413267}
		{1702DE72-EA09-45BB-A452-2056CF38DEDF} = {C4A89D80-33F8-4DF7-8B4B-C70C63413267}
	EndGlobalSection
	GlobalSection(ExtensibilityGlobals) = postSolution
		SolutionGuid = {B0D28A09-E559-471A-A864-41B4C9E4BA2E}
	EndGlobalSection
EndGlobal
