
Microsoft Visual Studio Solution File, Format Version 12.00
# Visual Studio Version 16
VisualStudioVersion = 16.0.29519.87
MinimumVisualStudioVersion = 10.0.40219.1
Project("{FAE04EC0-301F-11D3-BF4B-00C04F79EFBC}") = "EmpManageJan2020", "EmpManageJan2020\EmpManageJan2020.csproj", "{D0E43355-02F8-4688-BB38-6548843BDBCA}"
EndProject
Global
	GlobalSection(SolutionConfigurationPlatforms) = preSolution
		Debug|Any CPU = Debug|Any CPU
		Release|Any CPU = Release|Any CPU
	EndGlobalSection
	GlobalSection(ProjectConfigurationPlatforms) = postSolution
		{D0E43355-02F8-4688-BB38-6548843BDBCA}.Debug|Any CPU.ActiveCfg = Debug|Any CPU
		{D0E43355-02F8-4688-BB38-6548843BDBCA}.Debug|Any CPU.Build.0 = Debug|Any CPU
		{D0E43355-02F8-4688-BB38-6548843BDBCA}.Release|Any CPU.ActiveCfg = Release|Any CPU
		{D0E43355-02F8-4688-BB38-6548843BDBCA}.Release|Any CPU.Build.0 = Release|Any CPU
	EndGlobalSection
	GlobalSection(SolutionProperties) = preSolution
		HideSolutionNode = FALSE
	EndGlobalSection
	GlobalSection(ExtensibilityGlobals) = postSolution
		SolutionGuid = {B0D28A09-E559-471A-A864-41B4C9E4BA2E}
	EndGlobalSection
EndGlobal
